
Microsoft Visual Studio Solution File, Format Version 12.00
# Visual Studio Version 17
VisualStudioVersion = 17.9.34607.119
MinimumVisualStudioVersion = 10.0.40219.1
Project("{FAE04EC0-301F-11D3-BF4B-00C04F79EFBC}") = "s03_07_VAR", "s03_07_VAR\s03_07_VAR.csproj", "{AF518E88-ACFF-45B0-B5FC-BC4C51E31779}"
EndProject
Global
	GlobalSection(SolutionConfigurationPlatforms) = preSolution
		Debug|Any CPU = Debug|Any CPU
		Release|Any CPU = Release|Any CPU
	EndGlobalSection
	GlobalSection(ProjectConfigurationPlatforms) = postSolution
		{AF518E88-ACFF-45B0-B5FC-BC4C51E31779}.Debug|Any CPU.ActiveCfg = Debug|Any CPU
		{AF518E88-ACFF-45B0-B5FC-BC4C51E31779}.Debug|Any CPU.Build.0 = Debug|Any CPU
		{AF518E88-ACFF-45B0-B5FC-BC4C51E31779}.Release|Any CPU.ActiveCfg = Release|Any CPU
		{AF518E88-ACFF-45B0-B5FC-BC4C51E31779}.Release|Any CPU.Build.0 = Release|Any CPU
	EndGlobalSection
	GlobalSection(SolutionProperties) = preSolution
		HideSolutionNode = FALSE
	EndGlobalSection
	GlobalSection(ExtensibilityGlobals) = postSolution
		SolutionGuid = {754C5CD7-177F-454B-95AC-E117621DACF2}
	EndGlobalSection
EndGlobal
