
Microsoft Visual Studio Solution File, Format Version 12.00
# Visual Studio Version 17
VisualStudioVersion = 17.8.34330.188
MinimumVisualStudioVersion = 10.0.40219.1
Project("{8BC9CEB8-8B4A-11D0-8D11-00A0C91BC942}") = "s03_04", "s03_04\s03_04.vcxproj", "{8DE6E6D1-E288-4928-B0F4-B01A67FCF013}"
EndProject
Global
	GlobalSection(SolutionConfigurationPlatforms) = preSolution
		Debug|x64 = Debug|x64
		Debug|x86 = Debug|x86
		Release|x64 = Release|x64
		Release|x86 = Release|x86
	EndGlobalSection
	GlobalSection(ProjectConfigurationPlatforms) = postSolution
		{8DE6E6D1-E288-4928-B0F4-B01A67FCF013}.Debug|x64.ActiveCfg = Debug|x64
		{8DE6E6D1-E288-4928-B0F4-B01A67FCF013}.Debug|x64.Build.0 = Debug|x64
		{8DE6E6D1-E288-4928-B0F4-B01A67FCF013}.Debug|x86.ActiveCfg = Debug|Win32
		{8DE6E6D1-E288-4928-B0F4-B01A67FCF013}.Debug|x86.Build.0 = Debug|Win32
		{8DE6E6D1-E288-4928-B0F4-B01A67FCF013}.Release|x64.ActiveCfg = Release|x64
		{8DE6E6D1-E288-4928-B0F4-B01A67FCF013}.Release|x64.Build.0 = Release|x64
		{8DE6E6D1-E288-4928-B0F4-B01A67FCF013}.Release|x86.ActiveCfg = Release|Win32
		{8DE6E6D1-E288-4928-B0F4-B01A67FCF013}.Release|x86.Build.0 = Release|Win32
	EndGlobalSection
	GlobalSection(SolutionProperties) = preSolution
		HideSolutionNode = FALSE
	EndGlobalSection
	GlobalSection(ExtensibilityGlobals) = postSolution
		SolutionGuid = {B5BA3579-2615-4B1D-A861-DA2968F0A00D}
	EndGlobalSection
EndGlobal
