
Microsoft Visual Studio Solution File, Format Version 12.00
# Visual Studio Version 17
VisualStudioVersion = 17.8.34330.188
MinimumVisualStudioVersion = 10.0.40219.1
Project("{FAE04EC0-301F-11D3-BF4B-00C04F79EFBC}") = "s03_06", "s03_06\s03_06.csproj", "{12ED1605-F716-4ED7-8184-399ADD883B24}"
EndProject
Global
	GlobalSection(SolutionConfigurationPlatforms) = preSolution
		Debug|Any CPU = Debug|Any CPU
		Release|Any CPU = Release|Any CPU
	EndGlobalSection
	GlobalSection(ProjectConfigurationPlatforms) = postSolution
		{12ED1605-F716-4ED7-8184-399ADD883B24}.Debug|Any CPU.ActiveCfg = Debug|Any CPU
		{12ED1605-F716-4ED7-8184-399ADD883B24}.Debug|Any CPU.Build.0 = Debug|Any CPU
		{12ED1605-F716-4ED7-8184-399ADD883B24}.Release|Any CPU.ActiveCfg = Release|Any CPU
		{12ED1605-F716-4ED7-8184-399ADD883B24}.Release|Any CPU.Build.0 = Release|Any CPU
	EndGlobalSection
	GlobalSection(SolutionProperties) = preSolution
		HideSolutionNode = FALSE
	EndGlobalSection
	GlobalSection(ExtensibilityGlobals) = postSolution
		SolutionGuid = {9FF016BA-8584-457A-92F5-5099C5A4B452}
	EndGlobalSection
EndGlobal
